github.com/anaskhan96/soup v1.0.2-0.20180328123631-cd07662ec930 h1:jJZqLZgIEKyZq+HlDMZ1WHGTiXRefNAcO5V1bhhQiFk=
github.com/anaskhan96/soup v1.0.2-0.20180328123631-cd07662ec930/go.mod h1:pT5vs4HXDwA5y4KQCsKvnkpQd3D+joP7IqpiGskfWW0=
github.com/golang/protobuf v1.0.0 h1:lsek0oXi8iFE9L+EXARyHIjU5rlWIhhTkjDz3vHhWWQ=
github.com/golang/protobuf v1.0.0/go.mod h1:6lQm79b+lXiMfvg/cZm0SGofjICqVBUtrP5yJMmIC1U=
github.com/zmb3/spotify v0.0.0-20180212041948-79deba8533f6 h1:07d/UYzbd/YHT31y8aiRg/eG7YuTqYm1XPgXMg2PEAo=
github.com/zmb3/spotify v0.0.0-20180212041948-79deba8533f6/go.mod h1:pHsWAmY9PfX7i/uwPZkmWrebc8JbK8FppKbvyevwzSU=
golang.org/x/net v0.0.0-20180330215511-b68f30494add h1:oGr9qHpQTQvl/BmeWw95ZrQKahW4qdIPUiGfQkJYDsA=
golang.org/x/net v0.0.0-20180330215511-b68f30494add/go.mod h1:mL1N/T3taQHkDXs73rZJwtUhF3w3ftmwwsq0BUmARs4=
golang.org/x/oauth2 v0.0.0-20180402223937-921ae394b943 h1:hE+k6oRG1aru6/y8A0HI01Zqp65EZcUcKToTkbPsFFM=
golang.org/x/oauth2 v0.0.0-20180402223937-921ae394b943/go.mod h1:N/0e6XlmueqKjAGxoOufVs8QHGRruUQn6yWY3a++T0U=
google.golang.org/appengine v1.0.0 h1:dN4LljjBKVChsv0XCSI+zbyzdqrkEwX5LQFUMRSGqOc=
google.golang.org/appengine v1.0.0/go.mod h1:EbEs0AVv82hx2wNQdGPgUI5lhzA/G0D9YwlJXL52JkM=
gopkg.in/urfave/cli.v1 v1.20.0 h1:NdAVW6RYxDif9DhDHaAortIu956m2c0v+09AZBPTbE0=
gopkg.in/urfave/cli.v1 v1.20.0/go.mod h1:vuBzUtMdQeixQj8LVd+/98pzhxNGQoyuPBlsXHOQNO0=
